// !$*UTF8*$!
{
	archiveVersion = 1;
	classes = {
	};
	objectVersion = 50;
	objects = {

/* Begin PBXBuildFile section */
		6713AC0124F0378200388320 /* AppDelegate.swift in Sources */ = {isa = PBXBuildFile; fileRef = 6713AC0024F0378200388320 /* AppDelegate.swift */; };
		6713AC0324F0378200388320 /* SceneDelegate.swift in Sources */ = {isa = PBXBuildFile; fileRef = 6713AC0224F0378200388320 /* SceneDelegate.swift */; };
		6713AC0524F0378200388320 /* ViewController.swift in Sources */ = {isa = PBXBuildFile; fileRef = 6713AC0424F0378200388320 /* ViewController.swift */; };
		6713AC0824F0378200388320 /* Main.storyboard in Resources */ = {isa = PBXBuildFile; fileRef = 6713AC0624F0378200388320 /* Main.storyboard */; };
		6713AC0A24F0378D00388320 /* Assets.xcassets in Resources */ = {isa = PBXBuildFile; fileRef = 6713AC0924F0378D00388320 /* Assets.xcassets */; };
		6713AC0D24F0378D00388320 /* LaunchScreen.storyboard in Resources */ = {isa = PBXBuildFile; fileRef = 6713AC0B24F0378D00388320 /* LaunchScreen.storyboard */; };
/* End PBXBuildFile section */

/* Begin PBXFileReference section */
		6713ABFD24F0378200388320 /* ServiceMVVMDemo.app */ = {isa = PBXFileReference; explicitFileType = wrapper.application; includeInIndex = 0; path = ServiceMVVMDemo.app; sourceTree = BUILT_PRODUCTS_DIR; };
		6713AC0024F0378200388320 /* AppDelegate.swift */ = {isa = PBXFileReference; lastKnownFileType = sourcecode.swift; path = AppDelegate.swift; sourceTree = "<group>"; };
		6713AC0224F0378200388320 /* SceneDelegate.swift */ = {isa = PBXFileReference; lastKnownFileType = sourcecode.swift; path = SceneDelegate.swift; sourceTree = "<group>"; };
		6713AC0424F0378200388320 /* ViewController.swift */ = {isa = PBXFileReference; lastKnownFileType = sourcecode.swift; path = ViewController.swift; sourceTree = "<group>"; };
		6713AC0724F0378200388320 /* Base */ = {isa = PBXFileReference; lastKnownFileType = file.storyboard; name = Base; path = Base.lproj/Main.storyboard; sourceTree = "<group>"; };
		6713AC0924F0378D00388320 /* Assets.xcassets */ = {isa = PBXFileReference; lastKnownFileType = folder.assetcatalog; path = Assets.xcassets; sourceTree = "<group>"; };
		6713AC0C24F0378D00388320 /* Base */ = {isa = PBXFileReference; lastKnownFileType = file.storyboard; name = Base; path = Base.lproj/LaunchScreen.storyboard; sourceTree = "<group>"; };
		6713AC0E24F0378D00388320 /* Info.plist */ = {isa = PBXFileReference; lastKnownFileType = text.plist.xml; path = Info.plist; sourceTree = "<group>"; };
/* End PBXFileReference section */

/* Begin PBXFrameworksBuildPhase section */
		6713ABFA24F0378200388320 /* Frameworks */ = {
			isa = PBXFrameworksBuildPhase;
			buildActionMask = 2147483647;
			files = (
			);
			runOnlyForDeploymentPostprocessing = 0;
		};
/* End PBXFrameworksBuildPhase section */

/* Begin PBXGroup section */
		6713ABF424F0378200388320 = {
			isa = PBXGroup;
			children = (
				6713ABFF24F0378200388320 /* ServiceMVVMDemo */,
				6713ABFE24F0378200388320 /* Products */,
			);
			sourceTree = "<group>";
		};
		6713ABFE24F0378200388320 /* Products */ = {
			isa = PBXGroup;
			children = (
				6713ABFD24F0378200388320 /* ServiceMVVMDemo.app */,
			);
			name = Products;
			sourceTree = "<group>";
		};
		6713ABFF24F0378200388320 /* ServiceMVVMDemo */ = {
			isa = PBXGroup;
			children = (
				6713AC0024F0378200388320 /* AppDelegate.swift */,
				6713AC0224F0378200388320 /* SceneDelegate.swift */,
				6713AC0424F0378200388320 /* ViewController.swift */,
				6713AC0624F0378200388320 /* Main.storyboard */,
				6713AC0924F0378D00388320 /* Assets.xcassets */,
				6713AC0B24F0378D00388320 /* LaunchScreen.storyboard */,
				6713AC0E24F0378D00388320 /* Info.plist */,
			);
			path = ServiceMVVMDemo;
			sourceTree = "<group>";
		};
/* End PBXGroup section */

/* Begin PBXNativeTarget section */
		6713ABFC24F0378200388320 /* ServiceMVVMDemo */ = {
			isa = PBXNativeTarget;
			buildConfigurationList = 6713AC1124F0378D00388320 /* Build configuration list for PBXNativeTarget "ServiceMVVMDemo" */;
			buildPhases = (
				6713ABF924F0378200388320 /* Sources */,
				6713ABFA24F0378200388320 /* Frameworks */,
				6713ABFB24F0378200388320 /* Resources */,
			);
			buildRules = (
			);
			dependencies = (
			);
			name = ServiceMVVMDemo;
			productName = ServiceMVVMDemo;
			productReference = 6713ABFD24F0378200388320 /* ServiceMVVMDemo.app */;
			productType = "com.apple.product-type.application";
		};
/* End PBXNativeTarget section */

/* Begin PBXProject section */
		6713ABF524F0378200388320 /* Project object */ = {
			isa = PBXProject;
			attributes = {
				LastSwiftUpdateCheck = 1160;
				LastUpgradeCheck = 1160;
				ORGANIZATIONNAME = "Bharat Khatke";
				TargetAttributes = {
					6713ABFC24F0378200388320 = {
						CreatedOnToolsVersion = 11.6;
					};
				};
			};
			buildConfigurationList = 6713ABF824F0378200388320 /* Build configuration list for PBXProject "ServiceMVVMDemo" */;
			compatibilityVersion = "Xcode 9.3";
			developmentRegion = en;
			hasScannedForEncodings = 0;
			knownRegions = (
				en,
				Base,
			);
			mainGroup = 6713ABF424F0378200388320;
			productRefGroup = 6713ABFE24F0378200388320 /* Products */;
			projectDirPath = "";
			projectRoot = "";
			targets = (
				6713ABFC24F0378200388320 /* ServiceMVVMDemo */,
			);
		};
/* End PBXProject section */

/* Begin PBXResourcesBuildPhase section */
		6713ABFB24F0378200388320 /* Resources */ = {
			isa = PBXResourcesBuildPhase;
			buildActionMask = 2147483647;
			files = (
				6713AC0D24F0378D00388320 /* LaunchScreen.storyboard in Resources */,
				6713AC0A24F0378D00388320 /* Assets.xcassets in Resources */,
				6713AC0824F0378200388320 /* Main.storyboard in Resources */,
			);
			runOnlyForDeploymentPostprocessing = 0;
		};
/* End PBXResourcesBuildPhase section */

/* Begin PBXSourcesBuildPhase section */
		6713ABF924F0378200388320 /* Sources */ = {
			isa = PBXSourcesBuildPhase;
			buildActionMask = 2147483647;
			files = (
				6713AC0524F0378200388320 /* ViewController.swift in Sources */,
				6713AC0124F0378200388320 /* AppDelegate.swift in Sources */,
				6713AC0324F0378200388320 /* SceneDelegate.swift in Sources */,
			);
			runOnlyForDeploymentPostprocessing = 0;
		};
/* End PBXSourcesBuildPhase section */

/* Begin PBXVariantGroup section */
		6713AC0624F0378200388320 /* Main.storyboard */ = {
			isa = PBXVariantGroup;
			children = (
				6713AC0724F0378200388320 /* Base */,
			);
			name = Main.storyboard;
			sourceTree = "<group>";
		};
		6713AC0B24F0378D00388320 /* LaunchScreen.storyboard */ = {
			isa = PBXVariantGroup;
			children = (
				6713AC0C24F0378D00388320 /* Base */,
			);
			name = LaunchScreen.storyboard;
			sourceTree = "<group>";
		};
/* End PBXVariantGroup section */

/* Begin XCBuildConfiguration section */
		6713AC0F24F0378D00388320 /* Debug */ = {
			isa = XCBuildConfiguration;
			buildSettings = {
				ALWAYS_SEARCH_USER_PATHS = NO;
				CLANG_ANALYZER_NONNULL = YES;
				CLANG_ANALYZER_NUMBER_OBJECT_CONVERSION = YES_AGGRESSIVE;
				CLANG_CXX_LANGUAGE_STANDARD = "gnu++14";
				CLANG_CXX_LIBRARY = "libc++";
				CLANG_ENABLE_MODULES = YES;
				CLANG_ENABLE_OBJC_ARC = YES;
				CLANG_ENABLE_OBJC_WEAK = YES;
				CLANG_WARN_BLOCK_CAPTURE_AUTORELEASING = YES;
				CLANG_WARN_BOOL_CONVERSION = YES;
				CLANG_WARN_COMMA = YES;
				CLANG_WARN_CONSTANT_CONVERSION = YES;
				CLANG_WARN_DEPRECATED_OBJC_IMPLEMENTATIONS = YES;
				CLANG_WARN_DIRECT_OBJC_ISA_USAGE = YES_ERROR;
				CLANG_WARN_DOCUMENTATION_COMMENTS = YES;
				CLANG_WARN_EMPTY_BODY = YES;
				CLANG_WARN_ENUM_CONVERSION = YES;
				CLANG_WARN_INFINITE_RECURSION = YES;
				CLANG_WARN_INT_CONVERSION = YES;
				CLANG_WARN_NON_LITERAL_NULL_CONVERSION = YES;
				CLANG_WARN_OBJC_IMPLICIT_RETAIN_SELF = YES;
				CLANG_WARN_OBJC_LITERAL_CONVERSION = YES;
				CLANG_WARN_OBJC_ROOT_CLASS = YES_ERROR;
				CLANG_WARN_RANGE_LOOP_ANALYSIS = YES;
				CLANG_WARN_STRICT_PROTOTYPES = YES;
				CLANG_WARN_SUSPICIOUS_MOVE = YES;
				CLANG_WARN_UNGUARDED_AVAILABILITY = YES_AGGRESSIVE;
				CLANG_WARN_UNREACHABLE_CODE = YES;
				CLANG_WARN__DUPLICATE_METHOD_MATCH = YES;
				COPY_PHASE_STRIP = NO;
				DEBUG_INFORMATION_FORMAT = dwarf;
				ENABLE_STRICT_OBJC_MSGSEND = YES;
				ENABLE_TESTABILITY = YES;
				GCC_C_LANGUAGE_STANDARD = gnu11;
				GCC_DYNAMIC_NO_PIC = NO;
				GCC_NO_COMMON_BLOCKS = YES;
				GCC_OPTIMIZATION_LEVEL = 0;
				GCC_PREPROCESSOR_DEFINITIONS = (
					"DEBUG=1",
					"$(inherited)",
				);
				GCC_WARN_64_TO_32_BIT_CONVERSION = YES;
				GCC_WARN_ABOUT_RETURN_TYPE = YES_ERROR;
				GCC_WARN_UNDECLARED_SELECTOR = YES;
				GCC_WARN_UNINITIALIZED_AUTOS = YES_AGGRESSIVE;
				GCC_WARN_UNUSED_FUNCTION = YES;
				GCC_WARN_UNUSED_VARIABLE = YES;
				IPHONEOS_DEPLOYMENT_TARGET = 13.6;
				MTL_ENABLE_DEBUG_INFO = INCLUDE_SOURCE;
				MTL_FAST_MATH = YES;
				ONLY_ACTIVE_ARCH = YES;
				SDKROOT = iphoneos;
				SWIFT_ACTIVE_COMPILATION_CONDITIONS = DEBUG;
				SWIFT_OPTIMIZATION_LEVEL = "-Onone";
			};
			name = Debug;
		};
		6713AC1024F0378D00388320 /* Release */ = {
			isa = XCBuildConfiguration;
			buildSettings = {
				ALWAYS_SEARCH_USER_PATHS = NO;
				CLANG_ANALYZER_NONNULL = YES;
				CLANG_ANALYZER_NUMBER_OBJECT_CONVERSION = YES_AGGRESSIVE;
				CLANG_CXX_LANGUAGE_STANDARD = "gnu++14";
				CLANG_CXX_LIBRARY = "libc++";
				CLANG_ENABLE_MODULES = YES;
				CLANG_ENABLE_OBJC_ARC = YES;
				CLANG_ENABLE_OBJC_WEAK = YES;
				CLANG_WARN_BLOCK_CAPTURE_AUTORELEASING = YES;
				CLANG_WARN_BOOL_CONVERSION = YES;
				CLANG_WARN_COMMA = YES;
				CLANG_WARN_CONSTANT_CONVERSION = YES;
				CLANG_WARN_DEPRECATED_OBJC_IMPLEMENTATIONS = YES;
				CLANG_WARN_DIRECT_OBJC_ISA_USAGE = YES_ERROR;
				CLANG_WARN_DOCUMENTATION_COMMENTS = YES;
				CLANG_WARN_EMPTY_BODY = YES;
				CLANG_WARN_ENUM_CONVERSION = YES;
				CLANG_WARN_INFINITE_RECURSION = YES;
				CLANG_WARN_INT_CONVERSION = YES;
				CLANG_WARN_NON_LITERAL_NULL_CONVERSION = YES;
				CLANG_WARN_OBJC_IMPLICIT_RETAIN_SELF = YES;
				CLANG_WARN_OBJC_LITERAL_CONVERSION = YES;
				CLANG_WARN_OBJC_ROOT_CLASS = YES_ERROR;
				CLANG_WARN_RANGE_LOOP_ANALYSIS = YES;
				CLANG_WARN_STRICT_PROTOTYPES = YES;
				CLANG_WARN_SUSPICIOUS_MOVE = YES;
				CLANG_WARN_UNGUARDED_AVAILABILITY = YES_AGGRESSIVE;
				CLANG_WARN_UNREACHABLE_CODE = YES;
				CLANG_WARN__DUPLICATE_METHOD_MATCH = YES;
				COPY_PHASE_STRIP = NO;
				DEBUG_INFORMATION_FORMAT = "dwarf-with-dsym";
				ENABLE_NS_ASSERTIONS = NO;
				ENABLE_STRICT_OBJC_MSGSEND = YES;
				GCC_C_LANGUAGE_STANDARD = gnu11;
				GCC_NO_COMMON_BLOCKS = YES;
				GCC_WARN_64_TO_32_BIT_CONVERSION = YES;
				GCC_WARN_ABOUT_RETURN_TYPE = YES_ERROR;
				GCC_WARN_UNDECLARED_SELECTOR = YES;
				GCC_WARN_UNINITIALIZED_AUTOS = YES_AGGRESSIVE;
				GCC_WARN_UNUSED_FUNCTION = YES;
				GCC_WARN_UNUSED_VARIABLE = YES;
				IPHONEOS_DEPLOYMENT_TARGET = 13.6;
				MTL_ENABLE_DEBUG_INFO = NO;
				MTL_FAST_MATH = YES;
				SDKROOT = iphoneos;
				SWIFT_COMPILATION_MODE = wholemodule;
				SWIFT_OPTIMIZATION_LEVEL = "-O";
				VALIDATE_PRODUCT = YES;
			};
			name = Release;
		};
		6713AC1224F0378D00388320 /* Debug */ = {
			isa = XCBuildConfiguration;
			buildSettings = {
				ASSETCATALOG_COMPILER_APPICON_NAME = AppIcon;
				CODE_SIGN_STYLE = Automatic;
				DEVELOPMENT_TEAM = 893E3T5472;
				INFOPLIST_FILE = ServiceMVVMDemo/Info.plist;
				LD_RUNPATH_SEARCH_PATHS = (
					"$(inherited)",
					"@executable_path/Frameworks",
				);
				PRODUCT_BUNDLE_IDENTIFIER = com.5nance.test.ServiceMVVMDemo;
				PRODUCT_NAME = "$(TARGET_NAME)";
				SWIFT_VERSION = 5.0;
				TARGETED_DEVICE_FAMILY = "1,2";
			};
			name = Debug;
		};
		6713AC1324F0378D00388320 /* Release */ = {
			isa = XCBuildConfiguration;
			buildSettings = {
				ASSETCATALOG_COMPILER_APPICON_NAME = AppIcon;
				CODE_SIGN_STYLE = Automatic;
				DEVELOPMENT_TEAM = 893E3T5472;
				INFOPLIST_FILE = ServiceMVVMDemo/Info.plist;
				LD_RUNPATH_SEARCH_PATHS = (
					"$(inherited)",
					"@executable_path/Frameworks",
				);
				PRODUCT_BUNDLE_IDENTIFIER = com.5nance.test.ServiceMVVMDemo;
				PRODUCT_NAME = "$(TARGET_NAME)";
				SWIFT_VERSION = 5.0;
				TARGETED_DEVICE_FAMILY = "1,2";
			};
			name = Release;
		};
/* End XCBuildConfiguration section */

/* Begin XCConfigurationList section */
		6713ABF824F0378200388320 /* Build configuration list for PBXProject "ServiceMVVMDemo" */ = {
			isa = XCConfigurationList;
			buildConfigurations = (
				6713AC0F24F0378D00388320 /* Debug */,
				6713AC1024F0378D00388320 /* Release */,
			);
			defaultConfigurationIsVisible = 0;
			defaultConfigurationName = Release;
		};
		6713AC1124F0378D00388320 /* Build configuration list for PBXNativeTarget "ServiceMVVMDemo" */ = {
			isa = XCConfigurationList;
			buildConfigurations = (
				6713AC1224F0378D00388320 /* Debug */,
				6713AC1324F0378D00388320 /* Release */,
			);
			defaultConfigurationIsVisible = 0;
			defaultConfigurationName = Release;
		};
/* End XCConfigurationList section */
	};
	rootObject = 6713ABF524F0378200388320 /* Project object */;
}
